
Microsoft Visual Studio Solution File, Format Version 12.00
# Visual Studio 2012
Project("{FAE04EC0-301F-11D3-BF4B-00C04F79EFBC}") = "PresentationLayer", "ExempleConnection\PresentationLayer.csproj", "{5766C7A6-4B00-4C74-AF85-8D2540A44F07}"
EndProject
Project("{FAE04EC0-301F-11D3-BF4B-00C04F79EFBC}") = "ControllerLayer", "PresentationLayer\ControllerLayer.csproj", "{EA8C4EA4-77AA-4A69-95BD-039411D2D791}"
EndProject
Project("{FAE04EC0-301F-11D3-BF4B-00C04F79EFBC}") = "DataLayer", "DataLayer\DataLayer.csproj", "{7F4AA9D4-6596-42F4-A812-7F874AEDC2D9}"
EndProject
Global
	GlobalSection(SolutionConfigurationPlatforms) = preSolution
		Debug|Any CPU = Debug|Any CPU
		Release|Any CPU = Release|Any CPU
	EndGlobalSection
	GlobalSection(ProjectConfigurationPlatforms) = postSolution
		{5766C7A6-4B00-4C74-AF85-8D2540A44F07}.Debug|Any CPU.ActiveCfg = Debug|Any CPU
		{5766C7A6-4B00-4C74-AF85-8D2540A44F07}.Debug|Any CPU.Build.0 = Debug|Any CPU
		{5766C7A6-4B00-4C74-AF85-8D2540A44F07}.Release|Any CPU.ActiveCfg = Release|Any CPU
		{5766C7A6-4B00-4C74-AF85-8D2540A44F07}.Release|Any CPU.Build.0 = Release|Any CPU
		{EA8C4EA4-77AA-4A69-95BD-039411D2D791}.Debug|Any CPU.ActiveCfg = Debug|Any CPU
		{EA8C4EA4-77AA-4A69-95BD-039411D2D791}.Debug|Any CPU.Build.0 = Debug|Any CPU
		{EA8C4EA4-77AA-4A69-95BD-039411D2D791}.Release|Any CPU.ActiveCfg = Release|Any CPU
		{EA8C4EA4-77AA-4A69-95BD-039411D2D791}.Release|Any CPU.Build.0 = Release|Any CPU
		{7F4AA9D4-6596-42F4-A812-7F874AEDC2D9}.Debug|Any CPU.ActiveCfg = Debug|Any CPU
		{7F4AA9D4-6596-42F4-A812-7F874AEDC2D9}.Debug|Any CPU.Build.0 = Debug|Any CPU
		{7F4AA9D4-6596-42F4-A812-7F874AEDC2D9}.Release|Any CPU.ActiveCfg = Release|Any CPU
		{7F4AA9D4-6596-42F4-A812-7F874AEDC2D9}.Release|Any CPU.Build.0 = Release|Any CPU
	EndGlobalSection
	GlobalSection(SolutionProperties) = preSolution
		HideSolutionNode = FALSE
	EndGlobalSection
EndGlobal
