
Microsoft Visual Studio Solution File, Format Version 12.00
# Visual Studio 2012
Project("{FAE04EC0-301F-11D3-BF4B-00C04F79EFBC}") = "Llibres", "Llibres\Llibres.csproj", "{909A02DF-78A5-414D-BFA9-6037995828AB}"
EndProject
Global
	GlobalSection(SolutionConfigurationPlatforms) = preSolution
		Debug|Any CPU = Debug|Any CPU
		Release|Any CPU = Release|Any CPU
	EndGlobalSection
	GlobalSection(ProjectConfigurationPlatforms) = postSolution
		{909A02DF-78A5-414D-BFA9-6037995828AB}.Debug|Any CPU.ActiveCfg = Debug|Any CPU
		{909A02DF-78A5-414D-BFA9-6037995828AB}.Debug|Any CPU.Build.0 = Debug|Any CPU
		{909A02DF-78A5-414D-BFA9-6037995828AB}.Release|Any CPU.ActiveCfg = Release|Any CPU
		{909A02DF-78A5-414D-BFA9-6037995828AB}.Release|Any CPU.Build.0 = Release|Any CPU
	EndGlobalSection
	GlobalSection(SolutionProperties) = preSolution
		HideSolutionNode = FALSE
	EndGlobalSection
EndGlobal
