
Microsoft Visual Studio Solution File, Format Version 12.00
# Visual Studio 14
VisualStudioVersion = 14.0.25420.1
MinimumVisualStudioVersion = 10.0.40219.1
Project("{FAE04EC0-301F-11D3-BF4B-00C04F79EFBC}") = "Casa de colonies", "Casa de colonies\Casa de colonies.csproj", "{42C750B1-6E8C-4233-BEC8-3B0ACDEC8991}"
EndProject
Project("{FAE04EC0-301F-11D3-BF4B-00C04F79EFBC}") = "CapaControladora", "CapaControladora\CapaControladora.csproj", "{6711C035-1248-4354-B814-978401446466}"
EndProject
Project("{FAE04EC0-301F-11D3-BF4B-00C04F79EFBC}") = "CapaModel", "CapaModel\CapaModel.csproj", "{9927FB8A-4781-45FA-9777-085FE67C272E}"
EndProject
Global
	GlobalSection(SolutionConfigurationPlatforms) = preSolution
		Debug|Any CPU = Debug|Any CPU
		Release|Any CPU = Release|Any CPU
	EndGlobalSection
	GlobalSection(ProjectConfigurationPlatforms) = postSolution
		{42C750B1-6E8C-4233-BEC8-3B0ACDEC8991}.Debug|Any CPU.ActiveCfg = Debug|Any CPU
		{42C750B1-6E8C-4233-BEC8-3B0ACDEC8991}.Debug|Any CPU.Build.0 = Debug|Any CPU
		{42C750B1-6E8C-4233-BEC8-3B0ACDEC8991}.Release|Any CPU.ActiveCfg = Release|Any CPU
		{42C750B1-6E8C-4233-BEC8-3B0ACDEC8991}.Release|Any CPU.Build.0 = Release|Any CPU
		{6711C035-1248-4354-B814-978401446466}.Debug|Any CPU.ActiveCfg = Debug|Any CPU
		{6711C035-1248-4354-B814-978401446466}.Debug|Any CPU.Build.0 = Debug|Any CPU
		{6711C035-1248-4354-B814-978401446466}.Release|Any CPU.ActiveCfg = Release|Any CPU
		{6711C035-1248-4354-B814-978401446466}.Release|Any CPU.Build.0 = Release|Any CPU
		{9927FB8A-4781-45FA-9777-085FE67C272E}.Debug|Any CPU.ActiveCfg = Debug|Any CPU
		{9927FB8A-4781-45FA-9777-085FE67C272E}.Debug|Any CPU.Build.0 = Debug|Any CPU
		{9927FB8A-4781-45FA-9777-085FE67C272E}.Release|Any CPU.ActiveCfg = Release|Any CPU
		{9927FB8A-4781-45FA-9777-085FE67C272E}.Release|Any CPU.Build.0 = Release|Any CPU
	EndGlobalSection
	GlobalSection(SolutionProperties) = preSolution
		HideSolutionNode = FALSE
	EndGlobalSection
EndGlobal
